
Microsoft Visual Studio Solution File, Format Version 12.00
# Visual Studio Version 17
VisualStudioVersion = 17.7.34009.444
MinimumVisualStudioVersion = 10.0.40219.1
Project("{9A19103F-16F7-4668-BE54-9A1E7A4F7556}") = "Device.IntelliFan", "Device.IntelliFan\Device.IntelliFan.csproj", "{6E4D92DA-74DB-4FD3-B20F-73A8D6B5F9F3}"
EndProject
Project("{9A19103F-16F7-4668-BE54-9A1E7A4F7556}") = "IntelliLamp", "IntelliLamp\IntelliLamp.csproj", "{602B71C3-6193-4CF8-AB83-D4C0AD36B059}"
EndProject
Project("{9A19103F-16F7-4668-BE54-9A1E7A4F7556}") = "Shared", "Shared\Shared.csproj", "{817D7A89-BD77-4550-86A3-9FE9FBEB2407}"
EndProject
Project("{9A19103F-16F7-4668-BE54-9A1E7A4F7556}") = "IntelliSpeaker", "IntelliSpeaker\IntelliSpeaker.csproj", "{7ABDD860-5AF2-4C9E-B71D-21E65022F96D}"
EndProject
Project("{9A19103F-16F7-4668-BE54-9A1E7A4F7556}") = "AzureFunctions", "AzureFunctions\AzureFunctions.csproj", "{F2D82B7A-74B2-4E57-81AB-5A682CCCF960}"
EndProject
Global
	GlobalSection(SolutionConfigurationPlatforms) = preSolution
		Debug|Any CPU = Debug|Any CPU
		Release|Any CPU = Release|Any CPU
	EndGlobalSection
	GlobalSection(ProjectConfigurationPlatforms) = postSolution
		{6E4D92DA-74DB-4FD3-B20F-73A8D6B5F9F3}.Debug|Any CPU.ActiveCfg = Debug|Any CPU
		{6E4D92DA-74DB-4FD3-B20F-73A8D6B5F9F3}.Debug|Any CPU.Build.0 = Debug|Any CPU
		{6E4D92DA-74DB-4FD3-B20F-73A8D6B5F9F3}.Release|Any CPU.ActiveCfg = Release|Any CPU
		{6E4D92DA-74DB-4FD3-B20F-73A8D6B5F9F3}.Release|Any CPU.Build.0 = Release|Any CPU
		{602B71C3-6193-4CF8-AB83-D4C0AD36B059}.Debug|Any CPU.ActiveCfg = Debug|Any CPU
		{602B71C3-6193-4CF8-AB83-D4C0AD36B059}.Debug|Any CPU.Build.0 = Debug|Any CPU
		{602B71C3-6193-4CF8-AB83-D4C0AD36B059}.Release|Any CPU.ActiveCfg = Release|Any CPU
		{602B71C3-6193-4CF8-AB83-D4C0AD36B059}.Release|Any CPU.Build.0 = Release|Any CPU
		{817D7A89-BD77-4550-86A3-9FE9FBEB2407}.Debug|Any CPU.ActiveCfg = Debug|Any CPU
		{817D7A89-BD77-4550-86A3-9FE9FBEB2407}.Debug|Any CPU.Build.0 = Debug|Any CPU
		{817D7A89-BD77-4550-86A3-9FE9FBEB2407}.Release|Any CPU.ActiveCfg = Release|Any CPU
		{817D7A89-BD77-4550-86A3-9FE9FBEB2407}.Release|Any CPU.Build.0 = Release|Any CPU
		{7ABDD860-5AF2-4C9E-B71D-21E65022F96D}.Debug|Any CPU.ActiveCfg = Debug|Any CPU
		{7ABDD860-5AF2-4C9E-B71D-21E65022F96D}.Debug|Any CPU.Build.0 = Debug|Any CPU
		{7ABDD860-5AF2-4C9E-B71D-21E65022F96D}.Release|Any CPU.ActiveCfg = Release|Any CPU
		{7ABDD860-5AF2-4C9E-B71D-21E65022F96D}.Release|Any CPU.Build.0 = Release|Any CPU
		{F2D82B7A-74B2-4E57-81AB-5A682CCCF960}.Debug|Any CPU.ActiveCfg = Debug|Any CPU
		{F2D82B7A-74B2-4E57-81AB-5A682CCCF960}.Debug|Any CPU.Build.0 = Debug|Any CPU
		{F2D82B7A-74B2-4E57-81AB-5A682CCCF960}.Release|Any CPU.ActiveCfg = Release|Any CPU
		{F2D82B7A-74B2-4E57-81AB-5A682CCCF960}.Release|Any CPU.Build.0 = Release|Any CPU
	EndGlobalSection
	GlobalSection(SolutionProperties) = preSolution
		HideSolutionNode = FALSE
	EndGlobalSection
	GlobalSection(ExtensibilityGlobals) = postSolution
		SolutionGuid = {6CB572D0-7259-4507-8A37-BC25273776A9}
	EndGlobalSection
EndGlobal
