
Microsoft Visual Studio Solution File, Format Version 12.00
# Visual Studio Version 17
VisualStudioVersion = 17.7.34009.444
MinimumVisualStudioVersion = 10.0.40219.1
Project("{9A19103F-16F7-4668-BE54-9A1E7A4F7556}") = "Device.IntelliFan", "Device.IntelliFan\Device.IntelliFan.csproj", "{6E4D92DA-74DB-4FD3-B20F-73A8D6B5F9F3}"
EndProject
Project("{FAE04EC0-301F-11D3-BF4B-00C04F79EFBC}") = "IntelliLamp", "IntelliLamp\IntelliLamp.csproj", "{602B71C3-6193-4CF8-AB83-D4C0AD36B059}"
EndProject
Global
	GlobalSection(SolutionConfigurationPlatforms) = preSolution
		Debug|Any CPU = Debug|Any CPU
		Release|Any CPU = Release|Any CPU
	EndGlobalSection
	GlobalSection(ProjectConfigurationPlatforms) = postSolution
		{6E4D92DA-74DB-4FD3-B20F-73A8D6B5F9F3}.Debug|Any CPU.ActiveCfg = Debug|Any CPU
		{6E4D92DA-74DB-4FD3-B20F-73A8D6B5F9F3}.Debug|Any CPU.Build.0 = Debug|Any CPU
		{6E4D92DA-74DB-4FD3-B20F-73A8D6B5F9F3}.Release|Any CPU.ActiveCfg = Release|Any CPU
		{6E4D92DA-74DB-4FD3-B20F-73A8D6B5F9F3}.Release|Any CPU.Build.0 = Release|Any CPU
		{602B71C3-6193-4CF8-AB83-D4C0AD36B059}.Debug|Any CPU.ActiveCfg = Debug|Any CPU
		{602B71C3-6193-4CF8-AB83-D4C0AD36B059}.Debug|Any CPU.Build.0 = Debug|Any CPU
		{602B71C3-6193-4CF8-AB83-D4C0AD36B059}.Release|Any CPU.ActiveCfg = Release|Any CPU
		{602B71C3-6193-4CF8-AB83-D4C0AD36B059}.Release|Any CPU.Build.0 = Release|Any CPU
	EndGlobalSection
	GlobalSection(SolutionProperties) = preSolution
		HideSolutionNode = FALSE
	EndGlobalSection
	GlobalSection(ExtensibilityGlobals) = postSolution
		SolutionGuid = {6CB572D0-7259-4507-8A37-BC25273776A9}
	EndGlobalSection
EndGlobal
